{
  "requires": true,
  "lockfileVersion": 1,
  "dependencies": {
    "ansi-styles": {
      "version": "file:https:/registry.npm.taobao.org/ansi-styles/download/ansi-styles-3.2.1.tgz?cache=0&other_urls=https%3A%2F%2Fregistry.npm.taobao.org%2Fansi-styles%2Fdownload%2Fansi-styles-3.2.1.tgz",
      "requires": {
        "color-convert": "^1.9.0"
      },
      "dependencies": {
        "color-convert": {
          "version": "1.9.3",
          "resolved": "https://registry.npm.taobao.org/color-convert/download/color-convert-1.9.3.tgz",
          "requires": {
            "color-name": "1.1.3"
          },
          "dependencies": {
            "color-name": {
              "version": "1.1.3",
              "resolved": "https://registry.npm.taobao.org/color-name/download/color-name-1.1.3.tgz"
            }
          }
        }
      }
    },
    "balanced-match": {
      "version": "file:https:/registry.npm.taobao.org/balanced-match/download/balanced-match-1.0.0.tgz"
    },
    "brace-expansion": {
      "version": "file:https:/registry.npm.taobao.org/brace-expansion/download/brace-expansion-1.1.11.tgz",
      "requires": {
        "balanced-match": "^1.0.0",
        "concat-map": "0.0.1"
      },
      "dependencies": {
        "balanced-match": {
          "version": "1.0.0",
          "resolved": "https://registry.npm.taobao.org/balanced-match/download/balanced-match-1.0.0.tgz"
        },
        "concat-map": {
          "version": "0.0.1",
          "resolved": "https://registry.npm.taobao.org/concat-map/download/concat-map-0.0.1.tgz"
        }
      }
    },
    "chalk": {
      "version": "file:https:/registry.npm.taobao.org/chalk/download/chalk-2.4.2.tgz?cache=0&other_urls=https%3A%2F%2Fregistry.npm.taobao.org%2Fchalk%2Fdownload%2Fchalk-2.4.2.tgz",
      "requires": {
        "ansi-styles": "^3.2.1",
        "escape-string-regexp": "^1.0.5",
        "supports-color": "^5.3.0"
      },
      "dependencies": {
        "ansi-styles": {
          "version": "3.2.1",
          "resolved": "https://registry.npm.taobao.org/ansi-styles/download/ansi-styles-3.2.1.tgz?cache=0&other_urls=https%3A%2F%2Fregistry.npm.taobao.org%2Fansi-styles%2Fdownload%2Fansi-styles-3.2.1.tgz",
          "requires": {
            "color-convert": "^1.9.0"
          },
          "dependencies": {
            "color-convert": {
              "version": "1.9.3",
              "resolved": "https://registry.npm.taobao.org/color-convert/download/color-convert-1.9.3.tgz",
              "requires": {
                "color-name": "1.1.3"
              },
              "dependencies": {}
            }
          }
        },
        "escape-string-regexp": {
          "version": "1.0.5",
          "resolved": "https://registry.npm.taobao.org/escape-string-regexp/download/escape-string-regexp-1.0.5.tgz"
        },
        "supports-color": {
          "version": "5.5.0",
          "resolved": "https://registry.npm.taobao.org/supports-color/download/supports-color-5.5.0.tgz?cache=0&sync_timestamp=1569557239279&other_urls=https%3A%2F%2Fregistry.npm.taobao.org%2Fsupports-color%2Fdownload%2Fsupports-color-5.5.0.tgz",
          "requires": {
            "has-flag": "^3.0.0"
          },
          "dependencies": {
            "has-flag": {
              "version": "3.0.0",
              "resolved": "https://registry.npm.taobao.org/has-flag/download/has-flag-3.0.0.tgz"
            }
          }
        }
      }
    },
    "color-convert": {
      "version": "file:https:/registry.npm.taobao.org/color-convert/download/color-convert-1.9.3.tgz",
      "requires": {
        "color-name": "1.1.3"
      },
      "dependencies": {
        "color-name": {
          "version": "1.1.3",
          "resolved": "https://registry.npm.taobao.org/color-name/download/color-name-1.1.3.tgz"
        }
      }
    },
    "color-name": {
      "version": "file:https:/registry.npm.taobao.org/color-name/download/color-name-1.1.3.tgz"
    },
    "concat-map": {
      "version": "file:https:/registry.npm.taobao.org/concat-map/download/concat-map-0.0.1.tgz"
    },
    "docusaurus-init": {
      "version": "1.12.0",
      "resolved": "https://registry.npm.taobao.org/docusaurus-init/download/docusaurus-init-1.12.0.tgz",
      "integrity": "sha1-xlhbuoN4h+RzMAT6ZrJqGKRbRsU=",
      "requires": {
        "chalk": "^2.4.2",
        "shelljs": "^0.8.3"
      }
    },
    "escape-string-regexp": {
      "version": "file:https:/registry.npm.taobao.org/escape-string-regexp/download/escape-string-regexp-1.0.5.tgz"
    },
    "fs.realpath": {
      "version": "file:https:/registry.npm.taobao.org/fs.realpath/download/fs.realpath-1.0.0.tgz"
    },
    "glob": {
      "version": "file:https:/registry.npm.taobao.org/glob/download/glob-7.1.4.tgz",
      "requires": {
        "fs.realpath": "^1.0.0",
        "inflight": "^1.0.4",
        "inherits": "2",
        "minimatch": "^3.0.4",
        "once": "^1.3.0",
        "path-is-absolute": "^1.0.0"
      },
      "dependencies": {
        "fs.realpath": {
          "version": "1.0.0",
          "resolved": "https://registry.npm.taobao.org/fs.realpath/download/fs.realpath-1.0.0.tgz"
        },
        "inflight": {
          "version": "1.0.6",
          "resolved": "https://registry.npm.taobao.org/inflight/download/inflight-1.0.6.tgz",
          "requires": {
            "once": "^1.3.0",
            "wrappy": "1"
          },
          "dependencies": {
            "once": {
              "version": "1.4.0",
              "resolved": "https://registry.npm.taobao.org/once/download/once-1.4.0.tgz",
              "requires": {
                "wrappy": "1"
              },
              "dependencies": {
                "wrappy": {
                  "version": "1.0.2",
                  "resolved": "https://registry.npm.taobao.org/wrappy/download/wrappy-1.0.2.tgz"
                }
              }
            },
            "wrappy": {
              "version": "1.0.2",
              "resolved": "https://registry.npm.taobao.org/wrappy/download/wrappy-1.0.2.tgz"
            }
          }
        },
        "inherits": {
          "version": "2.0.4",
          "resolved": "https://registry.npm.taobao.org/inherits/download/inherits-2.0.4.tgz"
        },
        "minimatch": {
          "version": "3.0.4",
          "resolved": "https://registry.npm.taobao.org/minimatch/download/minimatch-3.0.4.tgz",
          "requires": {
            "brace-expansion": "^1.1.7"
          },
          "dependencies": {
            "brace-expansion": {
              "version": "1.1.11",
              "resolved": "https://registry.npm.taobao.org/brace-expansion/download/brace-expansion-1.1.11.tgz",
              "requires": {
                "balanced-match": "^1.0.0",
                "concat-map": "0.0.1"
              },
              "dependencies": {
                "balanced-match": {
                  "version": "1.0.0",
                  "resolved": "https://registry.npm.taobao.org/balanced-match/download/balanced-match-1.0.0.tgz"
                },
                "concat-map": {
                  "version": "0.0.1",
                  "resolved": "https://registry.npm.taobao.org/concat-map/download/concat-map-0.0.1.tgz"
                }
              }
            }
          }
        },
        "once": {
          "version": "1.4.0",
          "resolved": "https://registry.npm.taobao.org/once/download/once-1.4.0.tgz",
          "requires": {
            "wrappy": "1"
          },
          "dependencies": {
            "wrappy": {
              "version": "1.0.2",
              "resolved": "https://registry.npm.taobao.org/wrappy/download/wrappy-1.0.2.tgz"
            }
          }
        },
        "path-is-absolute": {
          "version": "1.0.1",
          "resolved": "https://registry.npm.taobao.org/path-is-absolute/download/path-is-absolute-1.0.1.tgz"
        }
      }
    },
    "has-flag": {
      "version": "file:https:/registry.npm.taobao.org/has-flag/download/has-flag-3.0.0.tgz"
    },
    "inflight": {
      "version": "file:https:/registry.npm.taobao.org/inflight/download/inflight-1.0.6.tgz",
      "requires": {
        "once": "^1.3.0",
        "wrappy": "1"
      },
      "dependencies": {
        "once": {
          "version": "1.4.0",
          "resolved": "https://registry.npm.taobao.org/once/download/once-1.4.0.tgz",
          "requires": {
            "wrappy": "1"
          },
          "dependencies": {}
        },
        "wrappy": {
          "version": "1.0.2",
          "resolved": "https://registry.npm.taobao.org/wrappy/download/wrappy-1.0.2.tgz"
        }
      }
    },
    "inherits": {
      "version": "file:https:/registry.npm.taobao.org/inherits/download/inherits-2.0.4.tgz"
    },
    "interpret": {
      "version": "file:https:/registry.npm.taobao.org/interpret/download/interpret-1.2.0.tgz"
    },
    "minimatch": {
      "version": "file:https:/registry.npm.taobao.org/minimatch/download/minimatch-3.0.4.tgz",
      "requires": {
        "brace-expansion": "^1.1.7"
      },
      "dependencies": {
        "brace-expansion": {
          "version": "1.1.11",
          "resolved": "https://registry.npm.taobao.org/brace-expansion/download/brace-expansion-1.1.11.tgz",
          "requires": {
            "balanced-match": "^1.0.0",
            "concat-map": "0.0.1"
          },
          "dependencies": {}
        }
      }
    },
    "once": {
      "version": "file:https:/registry.npm.taobao.org/once/download/once-1.4.0.tgz",
      "requires": {
        "wrappy": "1"
      },
      "dependencies": {
        "wrappy": {
          "version": "1.0.2",
          "resolved": "https://registry.npm.taobao.org/wrappy/download/wrappy-1.0.2.tgz"
        }
      }
    },
    "path-is-absolute": {
      "version": "file:https:/registry.npm.taobao.org/path-is-absolute/download/path-is-absolute-1.0.1.tgz"
    },
    "path-parse": {
      "version": "file:https:/registry.npm.taobao.org/path-parse/download/path-parse-1.0.6.tgz"
    },
    "rechoir": {
      "version": "file:https:/registry.npm.taobao.org/rechoir/download/rechoir-0.6.2.tgz",
      "requires": {
        "resolve": "^1.1.6"
      },
      "dependencies": {
        "resolve": {
          "version": "1.12.0",
          "resolved": "https://registry.npm.taobao.org/resolve/download/resolve-1.12.0.tgz?cache=0&sync_timestamp=1564641434608&other_urls=https%3A%2F%2Fregistry.npm.taobao.org%2Fresolve%2Fdownload%2Fresolve-1.12.0.tgz",
          "requires": {
            "path-parse": "^1.0.6"
          },
          "dependencies": {
            "path-parse": {
              "version": "1.0.6",
              "resolved": "https://registry.npm.taobao.org/path-parse/download/path-parse-1.0.6.tgz"
            }
          }
        }
      }
    },
    "resolve": {
      "version": "file:https:/registry.npm.taobao.org/resolve/download/resolve-1.12.0.tgz?cache=0&sync_timestamp=1564641434608&other_urls=https%3A%2F%2Fregistry.npm.taobao.org%2Fresolve%2Fdownload%2Fresolve-1.12.0.tgz",
      "requires": {
        "path-parse": "^1.0.6"
      },
      "dependencies": {
        "path-parse": {
          "version": "1.0.6",
          "resolved": "https://registry.npm.taobao.org/path-parse/download/path-parse-1.0.6.tgz"
        }
      }
    },
    "shelljs": {
      "version": "file:https:/registry.npm.taobao.org/shelljs/download/shelljs-0.8.3.tgz",
      "requires": {
        "glob": "^7.0.0",
        "interpret": "^1.0.0",
        "rechoir": "^0.6.2"
      },
      "dependencies": {
        "glob": {
          "version": "7.1.4",
          "resolved": "https://registry.npm.taobao.org/glob/download/glob-7.1.4.tgz",
          "requires": {
            "fs.realpath": "^1.0.0",
            "inflight": "^1.0.4",
            "inherits": "2",
            "minimatch": "^3.0.4",
            "once": "^1.3.0",
            "path-is-absolute": "^1.0.0"
          },
          "dependencies": {
            "fs.realpath": {
              "version": "1.0.0",
              "resolved": "https://registry.npm.taobao.org/fs.realpath/download/fs.realpath-1.0.0.tgz"
            },
            "inflight": {
              "version": "1.0.6",
              "resolved": "https://registry.npm.taobao.org/inflight/download/inflight-1.0.6.tgz",
              "requires": {
                "once": "^1.3.0",
                "wrappy": "1"
              },
              "dependencies": {}
            },
            "inherits": {
              "version": "2.0.4",
              "resolved": "https://registry.npm.taobao.org/inherits/download/inherits-2.0.4.tgz"
            },
            "minimatch": {
              "version": "3.0.4",
              "resolved": "https://registry.npm.taobao.org/minimatch/download/minimatch-3.0.4.tgz",
              "requires": {
                "brace-expansion": "^1.1.7"
              },
              "dependencies": {}
            },
            "once": {
              "version": "1.4.0",
              "resolved": "https://registry.npm.taobao.org/once/download/once-1.4.0.tgz",
              "requires": {
                "wrappy": "1"
              },
              "dependencies": {}
            },
            "path-is-absolute": {
              "version": "1.0.1",
              "resolved": "https://registry.npm.taobao.org/path-is-absolute/download/path-is-absolute-1.0.1.tgz"
            }
          }
        },
        "interpret": {
          "version": "1.2.0",
          "resolved": "https://registry.npm.taobao.org/interpret/download/interpret-1.2.0.tgz"
        },
        "rechoir": {
          "version": "0.6.2",
          "resolved": "https://registry.npm.taobao.org/rechoir/download/rechoir-0.6.2.tgz",
          "requires": {
            "resolve": "^1.1.6"
          },
          "dependencies": {
            "resolve": {
              "version": "1.12.0",
              "resolved": "https://registry.npm.taobao.org/resolve/download/resolve-1.12.0.tgz?cache=0&sync_timestamp=1564641434608&other_urls=https%3A%2F%2Fregistry.npm.taobao.org%2Fresolve%2Fdownload%2Fresolve-1.12.0.tgz",
              "requires": {
                "path-parse": "^1.0.6"
              },
              "dependencies": {}
            }
          }
        }
      }
    },
    "supports-color": {
      "version": "file:https:/registry.npm.taobao.org/supports-color/download/supports-color-5.5.0.tgz?cache=0&sync_timestamp=1569557239279&other_urls=https%3A%2F%2Fregistry.npm.taobao.org%2Fsupports-color%2Fdownload%2Fsupports-color-5.5.0.tgz",
      "requires": {
        "has-flag": "^3.0.0"
      },
      "dependencies": {
        "has-flag": {
          "version": "3.0.0",
          "resolved": "https://registry.npm.taobao.org/has-flag/download/has-flag-3.0.0.tgz"
        }
      }
    },
    "wrappy": {
      "version": "file:https:/registry.npm.taobao.org/wrappy/download/wrappy-1.0.2.tgz"
    }
  }
}
